
Microsoft Visual Studio Solution File, Format Version 12.00
# Visual Studio 15
VisualStudioVersion = 15.0.27130.2010
MinimumVisualStudioVersion = 10.0.40219.1
Project("{FAE04EC0-301F-11D3-BF4B-00C04F79EFBC}") = "ProjectAmethyst", "ProjectAmethyst\ProjectAmethyst.csproj", "{B57842AC-AA96-4CCD-83DA-867EE8560E01}"
EndProject
Global
	GlobalSection(SolutionConfigurationPlatforms) = preSolution
		Debug|Any CPU = Debug|Any CPU
		Release|Any CPU = Release|Any CPU
	EndGlobalSection
	GlobalSection(ProjectConfigurationPlatforms) = postSolution
		{B57842AC-AA96-4CCD-83DA-867EE8560E01}.Debug|Any CPU.ActiveCfg = Debug|Any CPU
		{B57842AC-AA96-4CCD-83DA-867EE8560E01}.Debug|Any CPU.Build.0 = Debug|Any CPU
		{B57842AC-AA96-4CCD-83DA-867EE8560E01}.Release|Any CPU.ActiveCfg = Release|Any CPU
		{B57842AC-AA96-4CCD-83DA-867EE8560E01}.Release|Any CPU.Build.0 = Release|Any CPU
	EndGlobalSection
	GlobalSection(SolutionProperties) = preSolution
		HideSolutionNode = FALSE
	EndGlobalSection
	GlobalSection(ExtensibilityGlobals) = postSolution
		SolutionGuid = {EBC9883D-4B83-479E-A8E9-0A87C5854019}
	EndGlobalSection
EndGlobal
